
Microsoft Visual Studio Solution File, Format Version 12.00
# Visual Studio Version 17
VisualStudioVersion = 17.10.35122.118
MinimumVisualStudioVersion = 10.0.40219.1
Project("{FAE04EC0-301F-11D3-BF4B-00C04F79EFBC}") = "CLIENTE", "CLIENTE\CLIENTE.csproj", "{F267AA1B-0462-45DD-88D7-2A8303EEB370}"
EndProject
Global
	GlobalSection(SolutionConfigurationPlatforms) = preSolution
		Debug|Any CPU = Debug|Any CPU
		Release|Any CPU = Release|Any CPU
	EndGlobalSection
	GlobalSection(ProjectConfigurationPlatforms) = postSolution
		{F267AA1B-0462-45DD-88D7-2A8303EEB370}.Debug|Any CPU.ActiveCfg = Debug|Any CPU
		{F267AA1B-0462-45DD-88D7-2A8303EEB370}.Debug|Any CPU.Build.0 = Debug|Any CPU
		{F267AA1B-0462-45DD-88D7-2A8303EEB370}.Release|Any CPU.ActiveCfg = Release|Any CPU
		{F267AA1B-0462-45DD-88D7-2A8303EEB370}.Release|Any CPU.Build.0 = Release|Any CPU
	EndGlobalSection
	GlobalSection(SolutionProperties) = preSolution
		HideSolutionNode = FALSE
	EndGlobalSection
	GlobalSection(ExtensibilityGlobals) = postSolution
		SolutionGuid = {10E78324-E382-4FF6-985C-C80D2277F410}
	EndGlobalSection
EndGlobal
